
Microsoft Visual Studio Solution File, Format Version 12.00
# Visual Studio Version 17
VisualStudioVersion = 17.12.35506.116 d17.12
MinimumVisualStudioVersion = 10.0.40219.1
Project("{FAE04EC0-301F-11D3-BF4B-00C04F79EFBC}") = "Assignment_3.2.4", "Assignment_3.2.4.csproj", "{B6F5BF3B-B0AA-4F8A-81D4-F9511DC78F47}"
EndProject
Global
	GlobalSection(SolutionConfigurationPlatforms) = preSolution
		Debug|Any CPU = Debug|Any CPU
		Release|Any CPU = Release|Any CPU
	EndGlobalSection
	GlobalSection(ProjectConfigurationPlatforms) = postSolution
		{B6F5BF3B-B0AA-4F8A-81D4-F9511DC78F47}.Debug|Any CPU.ActiveCfg = Debug|Any CPU
		{B6F5BF3B-B0AA-4F8A-81D4-F9511DC78F47}.Debug|Any CPU.Build.0 = Debug|Any CPU
		{B6F5BF3B-B0AA-4F8A-81D4-F9511DC78F47}.Release|Any CPU.ActiveCfg = Release|Any CPU
		{B6F5BF3B-B0AA-4F8A-81D4-F9511DC78F47}.Release|Any CPU.Build.0 = Release|Any CPU
	EndGlobalSection
	GlobalSection(SolutionProperties) = preSolution
		HideSolutionNode = FALSE
	EndGlobalSection
EndGlobal
